
Microsoft Visual Studio Solution File, Format Version 12.00
# Visual Studio Version 17
VisualStudioVersion = 17.13.35913.81 d17.13
MinimumVisualStudioVersion = 10.0.40219.1
Project("{FAE04EC0-301F-11D3-BF4B-00C04F79EFBC}") = "venedictov", "venedictov\venedictov.csproj", "{405BD7C7-80D7-4E6C-BFB6-ECD557FA357E}"
EndProject
Global
	GlobalSection(SolutionConfigurationPlatforms) = preSolution
		Debug|Any CPU = Debug|Any CPU
		Release|Any CPU = Release|Any CPU
	EndGlobalSection
	GlobalSection(ProjectConfigurationPlatforms) = postSolution
		{405BD7C7-80D7-4E6C-BFB6-ECD557FA357E}.Debug|Any CPU.ActiveCfg = Debug|Any CPU
		{405BD7C7-80D7-4E6C-BFB6-ECD557FA357E}.Debug|Any CPU.Build.0 = Debug|Any CPU
		{405BD7C7-80D7-4E6C-BFB6-ECD557FA357E}.Release|Any CPU.ActiveCfg = Release|Any CPU
		{405BD7C7-80D7-4E6C-BFB6-ECD557FA357E}.Release|Any CPU.Build.0 = Release|Any CPU
	EndGlobalSection
	GlobalSection(SolutionProperties) = preSolution
		HideSolutionNode = FALSE
	EndGlobalSection
	GlobalSection(ExtensibilityGlobals) = postSolution
		SolutionGuid = {64C80676-BE55-4C82-9F9F-5C664DD05B7F}
	EndGlobalSection
EndGlobal
